
Microsoft Visual Studio Solution File, Format Version 12.00
# Visual Studio Version 17
VisualStudioVersion = 17.12.35527.113 d17.12
MinimumVisualStudioVersion = 10.0.40219.1
Project("{FAE04EC0-301F-11D3-BF4B-00C04F79EFBC}") = "Client-Server-Recap", "Client-Server-Recap\Client-Server-Recap.csproj", "{760DF1DC-D5BD-4296-A5FB-8A3BFF8F3499}"
EndProject
Project("{FAE04EC0-301F-11D3-BF4B-00C04F79EFBC}") = "Client", "Client\Client.csproj", "{F7C9CDC8-51D2-4FDA-A310-23C1A11131B6}"
EndProject
Global
	GlobalSection(SolutionConfigurationPlatforms) = preSolution
		Debug|Any CPU = Debug|Any CPU
		Release|Any CPU = Release|Any CPU
	EndGlobalSection
	GlobalSection(ProjectConfigurationPlatforms) = postSolution
		{760DF1DC-D5BD-4296-A5FB-8A3BFF8F3499}.Debug|Any CPU.ActiveCfg = Debug|Any CPU
		{760DF1DC-D5BD-4296-A5FB-8A3BFF8F3499}.Debug|Any CPU.Build.0 = Debug|Any CPU
		{760DF1DC-D5BD-4296-A5FB-8A3BFF8F3499}.Release|Any CPU.ActiveCfg = Release|Any CPU
		{760DF1DC-D5BD-4296-A5FB-8A3BFF8F3499}.Release|Any CPU.Build.0 = Release|Any CPU
		{F7C9CDC8-51D2-4FDA-A310-23C1A11131B6}.Debug|Any CPU.ActiveCfg = Debug|Any CPU
		{F7C9CDC8-51D2-4FDA-A310-23C1A11131B6}.Debug|Any CPU.Build.0 = Debug|Any CPU
		{F7C9CDC8-51D2-4FDA-A310-23C1A11131B6}.Release|Any CPU.ActiveCfg = Release|Any CPU
		{F7C9CDC8-51D2-4FDA-A310-23C1A11131B6}.Release|Any CPU.Build.0 = Release|Any CPU
	EndGlobalSection
	GlobalSection(SolutionProperties) = preSolution
		HideSolutionNode = FALSE
	EndGlobalSection
EndGlobal
